// !$*UTF8*$!
{
	archiveVersion = 1;
	classes = {
	};
	objectVersion = 56;
	objects = {

/* Begin PBXBuildFile section */
		86C41E35C8C12EAFFB6A8056 /* Pods_Infinate_Scroll_SwiftUI.framework in Frameworks */ = {isa = PBXBuildFile; fileRef = 363158544BAB093C4BD1F24D /* Pods_Infinate_Scroll_SwiftUI.framework */; };
		FF402A422A6F81D4009111CF /* Infinate_Scroll_SwiftUIApp.swift in Sources */ = {isa = PBXBuildFile; fileRef = FF402A412A6F81D4009111CF /* Infinate_Scroll_SwiftUIApp.swift */; };
		FF402A442A6F81D4009111CF /* ContentView.swift in Sources */ = {isa = PBXBuildFile; fileRef = FF402A432A6F81D4009111CF /* ContentView.swift */; };
		FF402A462A6F81D5009111CF /* Assets.xcassets in Resources */ = {isa = PBXBuildFile; fileRef = FF402A452A6F81D5009111CF /* Assets.xcassets */; };
		FF402A4A2A6F81D5009111CF /* Preview Assets.xcassets in Resources */ = {isa = PBXBuildFile; fileRef = FF402A492A6F81D5009111CF /* Preview Assets.xcassets */; };
		FF402A522A6F82CC009111CF /* Alamofire in Frameworks */ = {isa = PBXBuildFile; productRef = FF402A512A6F82CC009111CF /* Alamofire */; };
		FF402A542A6F82DD009111CF /* NetworkManager.swift in Sources */ = {isa = PBXBuildFile; fileRef = FF402A532A6F82DD009111CF /* NetworkManager.swift */; };
/* End PBXBuildFile section */

/* Begin PBXFileReference section */
		363158544BAB093C4BD1F24D /* Pods_Infinate_Scroll_SwiftUI.framework */ = {isa = PBXFileReference; explicitFileType = wrapper.framework; includeInIndex = 0; path = Pods_Infinate_Scroll_SwiftUI.framework; sourceTree = BUILT_PRODUCTS_DIR; };
		51F3C75848383906E8443CDA /* Pods-Infinate-Scroll-SwiftUI.debug.xcconfig */ = {isa = PBXFileReference; includeInIndex = 1; lastKnownFileType = text.xcconfig; name = "Pods-Infinate-Scroll-SwiftUI.debug.xcconfig"; path = "Target Support Files/Pods-Infinate-Scroll-SwiftUI/Pods-Infinate-Scroll-SwiftUI.debug.xcconfig"; sourceTree = "<group>"; };
		D77E24F5A27C191FE5219F1A /* Pods-Infinate-Scroll-SwiftUI.release.xcconfig */ = {isa = PBXFileReference; includeInIndex = 1; lastKnownFileType = text.xcconfig; name = "Pods-Infinate-Scroll-SwiftUI.release.xcconfig"; path = "Target Support Files/Pods-Infinate-Scroll-SwiftUI/Pods-Infinate-Scroll-SwiftUI.release.xcconfig"; sourceTree = "<group>"; };
		FF402A3E2A6F81D4009111CF /* Infinate-Scroll-SwiftUI.app */ = {isa = PBXFileReference; explicitFileType = wrapper.application; includeInIndex = 0; path = "Infinate-Scroll-SwiftUI.app"; sourceTree = BUILT_PRODUCTS_DIR; };
		FF402A412A6F81D4009111CF /* Infinate_Scroll_SwiftUIApp.swift */ = {isa = PBXFileReference; lastKnownFileType = sourcecode.swift; path = Infinate_Scroll_SwiftUIApp.swift; sourceTree = "<group>"; };
		FF402A432A6F81D4009111CF /* ContentView.swift */ = {isa = PBXFileReference; lastKnownFileType = sourcecode.swift; path = ContentView.swift; sourceTree = "<group>"; };
		FF402A452A6F81D5009111CF /* Assets.xcassets */ = {isa = PBXFileReference; lastKnownFileType = folder.assetcatalog; path = Assets.xcassets; sourceTree = "<group>"; };
		FF402A472A6F81D5009111CF /* Infinate_Scroll_SwiftUI.entitlements */ = {isa = PBXFileReference; lastKnownFileType = text.plist.entitlements; path = Infinate_Scroll_SwiftUI.entitlements; sourceTree = "<group>"; };
		FF402A492A6F81D5009111CF /* Preview Assets.xcassets */ = {isa = PBXFileReference; lastKnownFileType = folder.assetcatalog; path = "Preview Assets.xcassets"; sourceTree = "<group>"; };
		FF402A532A6F82DD009111CF /* NetworkManager.swift */ = {isa = PBXFileReference; lastKnownFileType = sourcecode.swift; path = NetworkManager.swift; sourceTree = "<group>"; };
/* End PBXFileReference section */

/* Begin PBXFrameworksBuildPhase section */
		FF402A3B2A6F81D4009111CF /* Frameworks */ = {
			isa = PBXFrameworksBuildPhase;
			buildActionMask = 2147483647;
			files = (
				86C41E35C8C12EAFFB6A8056 /* Pods_Infinate_Scroll_SwiftUI.framework in Frameworks */,
				FF402A522A6F82CC009111CF /* Alamofire in Frameworks */,
			);
			runOnlyForDeploymentPostprocessing = 0;
		};
/* End PBXFrameworksBuildPhase section */

/* Begin PBXGroup section */
		20249BE5078AE2CD877F6AA4 /* Pods */ = {
			isa = PBXGroup;
			children = (
				51F3C75848383906E8443CDA /* Pods-Infinate-Scroll-SwiftUI.debug.xcconfig */,
				D77E24F5A27C191FE5219F1A /* Pods-Infinate-Scroll-SwiftUI.release.xcconfig */,
			);
			path = Pods;
			sourceTree = "<group>";
		};
		39CF90A2F2947361E6A7E7E1 /* Frameworks */ = {
			isa = PBXGroup;
			children = (
				363158544BAB093C4BD1F24D /* Pods_Infinate_Scroll_SwiftUI.framework */,
			);
			name = Frameworks;
			sourceTree = "<group>";
		};
		FF402A352A6F81D4009111CF = {
			isa = PBXGroup;
			children = (
				FF402A402A6F81D4009111CF /* Infinate-Scroll-SwiftUI */,
				FF402A3F2A6F81D4009111CF /* Products */,
				20249BE5078AE2CD877F6AA4 /* Pods */,
				39CF90A2F2947361E6A7E7E1 /* Frameworks */,
			);
			sourceTree = "<group>";
		};
		FF402A3F2A6F81D4009111CF /* Products */ = {
			isa = PBXGroup;
			children = (
				FF402A3E2A6F81D4009111CF /* Infinate-Scroll-SwiftUI.app */,
			);
			name = Products;
			sourceTree = "<group>";
		};
		FF402A402A6F81D4009111CF /* Infinate-Scroll-SwiftUI */ = {
			isa = PBXGroup;
			children = (
				FF402A412A6F81D4009111CF /* Infinate_Scroll_SwiftUIApp.swift */,
				FF402A432A6F81D4009111CF /* ContentView.swift */,
				FF402A532A6F82DD009111CF /* NetworkManager.swift */,
				FF402A452A6F81D5009111CF /* Assets.xcassets */,
				FF402A472A6F81D5009111CF /* Infinate_Scroll_SwiftUI.entitlements */,
				FF402A482A6F81D5009111CF /* Preview Content */,
			);
			path = "Infinate-Scroll-SwiftUI";
			sourceTree = "<group>";
		};
		FF402A482A6F81D5009111CF /* Preview Content */ = {
			isa = PBXGroup;
			children = (
				FF402A492A6F81D5009111CF /* Preview Assets.xcassets */,
			);
			path = "Preview Content";
			sourceTree = "<group>";
		};
/* End PBXGroup section */

/* Begin PBXNativeTarget section */
		FF402A3D2A6F81D4009111CF /* Infinate-Scroll-SwiftUI */ = {
			isa = PBXNativeTarget;
			buildConfigurationList = FF402A4D2A6F81D5009111CF /* Build configuration list for PBXNativeTarget "Infinate-Scroll-SwiftUI" */;
			buildPhases = (
				8A9979A1AE2A3BE3B8C6C83B /* [CP] Check Pods Manifest.lock */,
				FF402A3A2A6F81D4009111CF /* Sources */,
				FF402A3B2A6F81D4009111CF /* Frameworks */,
				FF402A3C2A6F81D4009111CF /* Resources */,
				11C358A5D0F614AADF501494 /* [CP] Embed Pods Frameworks */,
			);
			buildRules = (
			);
			dependencies = (
			);
			name = "Infinate-Scroll-SwiftUI";
			packageProductDependencies = (
				FF402A512A6F82CC009111CF /* Alamofire */,
			);
			productName = "Infinate-Scroll-SwiftUI";
			productReference = FF402A3E2A6F81D4009111CF /* Infinate-Scroll-SwiftUI.app */;
			productType = "com.apple.product-type.application";
		};
/* End PBXNativeTarget section */

/* Begin PBXProject section */
		FF402A362A6F81D4009111CF /* Project object */ = {
			isa = PBXProject;
			attributes = {
				BuildIndependentTargetsInParallel = 1;
				LastSwiftUpdateCheck = 1430;
				LastUpgradeCheck = 1430;
				TargetAttributes = {
					FF402A3D2A6F81D4009111CF = {
						CreatedOnToolsVersion = 14.3.1;
					};
				};
			};
			buildConfigurationList = FF402A392A6F81D4009111CF /* Build configuration list for PBXProject "Infinate-Scroll-SwiftUI" */;
			compatibilityVersion = "Xcode 14.0";
			developmentRegion = en;
			hasScannedForEncodings = 0;
			knownRegions = (
				en,
				Base,
			);
			mainGroup = FF402A352A6F81D4009111CF;
			packageReferences = (
				FF402A502A6F82CC009111CF /* XCRemoteSwiftPackageReference "Alamofire" */,
			);
			productRefGroup = FF402A3F2A6F81D4009111CF /* Products */;
			projectDirPath = "";
			projectRoot = "";
			targets = (
				FF402A3D2A6F81D4009111CF /* Infinate-Scroll-SwiftUI */,
			);
		};
/* End PBXProject section */

/* Begin PBXResourcesBuildPhase section */
		FF402A3C2A6F81D4009111CF /* Resources */ = {
			isa = PBXResourcesBuildPhase;
			buildActionMask = 2147483647;
			files = (
				FF402A4A2A6F81D5009111CF /* Preview Assets.xcassets in Resources */,
				FF402A462A6F81D5009111CF /* Assets.xcassets in Resources */,
			);
			runOnlyForDeploymentPostprocessing = 0;
		};
/* End PBXResourcesBuildPhase section */

/* Begin PBXShellScriptBuildPhase section */
		11C358A5D0F614AADF501494 /* [CP] Embed Pods Frameworks */ = {
			isa = PBXShellScriptBuildPhase;
			buildActionMask = 2147483647;
			files = (
			);
			inputFileListPaths = (
				"${PODS_ROOT}/Target Support Files/Pods-Infinate-Scroll-SwiftUI/Pods-Infinate-Scroll-SwiftUI-frameworks-${CONFIGURATION}-input-files.xcfilelist",
			);
			name = "[CP] Embed Pods Frameworks";
			outputFileListPaths = (
				"${PODS_ROOT}/Target Support Files/Pods-Infinate-Scroll-SwiftUI/Pods-Infinate-Scroll-SwiftUI-frameworks-${CONFIGURATION}-output-files.xcfilelist",
			);
			runOnlyForDeploymentPostprocessing = 0;
			shellPath = /bin/sh;
			shellScript = "\"${PODS_ROOT}/Target Support Files/Pods-Infinate-Scroll-SwiftUI/Pods-Infinate-Scroll-SwiftUI-frameworks.sh\"\n";
			showEnvVarsInLog = 0;
		};
		8A9979A1AE2A3BE3B8C6C83B /* [CP] Check Pods Manifest.lock */ = {
			isa = PBXShellScriptBuildPhase;
			buildActionMask = 2147483647;
			files = (
			);
			inputFileListPaths = (
			);
			inputPaths = (
				"${PODS_PODFILE_DIR_PATH}/Podfile.lock",
				"${PODS_ROOT}/Manifest.lock",
			);
			name = "[CP] Check Pods Manifest.lock";
			outputFileListPaths = (
			);
			outputPaths = (
				"$(DERIVED_FILE_DIR)/Pods-Infinate-Scroll-SwiftUI-checkManifestLockResult.txt",
			);
			runOnlyForDeploymentPostprocessing = 0;
			shellPath = /bin/sh;
			shellScript = "diff \"${PODS_PODFILE_DIR_PATH}/Podfile.lock\" \"${PODS_ROOT}/Manifest.lock\" > /dev/null\nif [ $? != 0 ] ; then\n    # print error to STDERR\n    echo \"error: The sandbox is not in sync with the Podfile.lock. Run 'pod install' or update your CocoaPods installation.\" >&2\n    exit 1\nfi\n# This output is used by Xcode 'outputs' to avoid re-running this script phase.\necho \"SUCCESS\" > \"${SCRIPT_OUTPUT_FILE_0}\"\n";
			showEnvVarsInLog = 0;
		};
/* End PBXShellScriptBuildPhase section */

/* Begin PBXSourcesBuildPhase section */
		FF402A3A2A6F81D4009111CF /* Sources */ = {
			isa = PBXSourcesBuildPhase;
			buildActionMask = 2147483647;
			files = (
				FF402A542A6F82DD009111CF /* NetworkManager.swift in Sources */,
				FF402A442A6F81D4009111CF /* ContentView.swift in Sources */,
				FF402A422A6F81D4009111CF /* Infinate_Scroll_SwiftUIApp.swift in Sources */,
			);
			runOnlyForDeploymentPostprocessing = 0;
		};
/* End PBXSourcesBuildPhase section */

/* Begin XCBuildConfiguration section */
		FF402A4B2A6F81D5009111CF /* Debug */ = {
			isa = XCBuildConfiguration;
			buildSettings = {
				ALWAYS_SEARCH_USER_PATHS = NO;
				CLANG_ANALYZER_NONNULL = YES;
				CLANG_ANALYZER_NUMBER_OBJECT_CONVERSION = YES_AGGRESSIVE;
				CLANG_CXX_LANGUAGE_STANDARD = "gnu++20";
				CLANG_ENABLE_MODULES = YES;
				CLANG_ENABLE_OBJC_ARC = YES;
				CLANG_ENABLE_OBJC_WEAK = YES;
				CLANG_WARN_BLOCK_CAPTURE_AUTORELEASING = YES;
				CLANG_WARN_BOOL_CONVERSION = YES;
				CLANG_WARN_COMMA = YES;
				CLANG_WARN_CONSTANT_CONVERSION = YES;
				CLANG_WARN_DEPRECATED_OBJC_IMPLEMENTATIONS = YES;
				CLANG_WARN_DIRECT_OBJC_ISA_USAGE = YES_ERROR;
				CLANG_WARN_DOCUMENTATION_COMMENTS = YES;
				CLANG_WARN_EMPTY_BODY = YES;
				CLANG_WARN_ENUM_CONVERSION = YES;
				CLANG_WARN_INFINITE_RECURSION = YES;
				CLANG_WARN_INT_CONVERSION = YES;
				CLANG_WARN_NON_LITERAL_NULL_CONVERSION = YES;
				CLANG_WARN_OBJC_IMPLICIT_RETAIN_SELF = YES;
				CLANG_WARN_OBJC_LITERAL_CONVERSION = YES;
				CLANG_WARN_OBJC_ROOT_CLASS = YES_ERROR;
				CLANG_WARN_QUOTED_INCLUDE_IN_FRAMEWORK_HEADER = YES;
				CLANG_WARN_RANGE_LOOP_ANALYSIS = YES;
				CLANG_WARN_STRICT_PROTOTYPES = YES;
				CLANG_WARN_SUSPICIOUS_MOVE = YES;
				CLANG_WARN_UNGUARDED_AVAILABILITY = YES_AGGRESSIVE;
				CLANG_WARN_UNREACHABLE_CODE = YES;
				CLANG_WARN__DUPLICATE_METHOD_MATCH = YES;
				COPY_PHASE_STRIP = NO;
				DEBUG_INFORMATION_FORMAT = dwarf;
				ENABLE_STRICT_OBJC_MSGSEND = YES;
				ENABLE_TESTABILITY = YES;
				GCC_C_LANGUAGE_STANDARD = gnu11;
				GCC_DYNAMIC_NO_PIC = NO;
				GCC_NO_COMMON_BLOCKS = YES;
				GCC_OPTIMIZATION_LEVEL = 0;
				GCC_PREPROCESSOR_DEFINITIONS = (
					"DEBUG=1",
					"$(inherited)",
				);
				GCC_WARN_64_TO_32_BIT_CONVERSION = YES;
				GCC_WARN_ABOUT_RETURN_TYPE = YES_ERROR;
				GCC_WARN_UNDECLARED_SELECTOR = YES;
				GCC_WARN_UNINITIALIZED_AUTOS = YES_AGGRESSIVE;
				GCC_WARN_UNUSED_FUNCTION = YES;
				GCC_WARN_UNUSED_VARIABLE = YES;
				MTL_ENABLE_DEBUG_INFO = INCLUDE_SOURCE;
				MTL_FAST_MATH = YES;
				ONLY_ACTIVE_ARCH = YES;
				SWIFT_ACTIVE_COMPILATION_CONDITIONS = DEBUG;
				SWIFT_OPTIMIZATION_LEVEL = "-Onone";
			};
			name = Debug;
		};
		FF402A4C2A6F81D5009111CF /* Release */ = {
			isa = XCBuildConfiguration;
			buildSettings = {
				ALWAYS_SEARCH_USER_PATHS = NO;
				CLANG_ANALYZER_NONNULL = YES;
				CLANG_ANALYZER_NUMBER_OBJECT_CONVERSION = YES_AGGRESSIVE;
				CLANG_CXX_LANGUAGE_STANDARD = "gnu++20";
				CLANG_ENABLE_MODULES = YES;
				CLANG_ENABLE_OBJC_ARC = YES;
				CLANG_ENABLE_OBJC_WEAK = YES;
				CLANG_WARN_BLOCK_CAPTURE_AUTORELEASING = YES;
				CLANG_WARN_BOOL_CONVERSION = YES;
				CLANG_WARN_COMMA = YES;
				CLANG_WARN_CONSTANT_CONVERSION = YES;
				CLANG_WARN_DEPRECATED_OBJC_IMPLEMENTATIONS = YES;
				CLANG_WARN_DIRECT_OBJC_ISA_USAGE = YES_ERROR;
				CLANG_WARN_DOCUMENTATION_COMMENTS = YES;
				CLANG_WARN_EMPTY_BODY = YES;
				CLANG_WARN_ENUM_CONVERSION = YES;
				CLANG_WARN_INFINITE_RECURSION = YES;
				CLANG_WARN_INT_CONVERSION = YES;
				CLANG_WARN_NON_LITERAL_NULL_CONVERSION = YES;
				CLANG_WARN_OBJC_IMPLICIT_RETAIN_SELF = YES;
				CLANG_WARN_OBJC_LITERAL_CONVERSION = YES;
				CLANG_WARN_OBJC_ROOT_CLASS = YES_ERROR;
				CLANG_WARN_QUOTED_INCLUDE_IN_FRAMEWORK_HEADER = YES;
				CLANG_WARN_RANGE_LOOP_ANALYSIS = YES;
				CLANG_WARN_STRICT_PROTOTYPES = YES;
				CLANG_WARN_SUSPICIOUS_MOVE = YES;
				CLANG_WARN_UNGUARDED_AVAILABILITY = YES_AGGRESSIVE;
				CLANG_WARN_UNREACHABLE_CODE = YES;
				CLANG_WARN__DUPLICATE_METHOD_MATCH = YES;
				COPY_PHASE_STRIP = NO;
				DEBUG_INFORMATION_FORMAT = "dwarf-with-dsym";
				ENABLE_NS_ASSERTIONS = NO;
				ENABLE_STRICT_OBJC_MSGSEND = YES;
				GCC_C_LANGUAGE_STANDARD = gnu11;
				GCC_NO_COMMON_BLOCKS = YES;
				GCC_WARN_64_TO_32_BIT_CONVERSION = YES;
				GCC_WARN_ABOUT_RETURN_TYPE = YES_ERROR;
				GCC_WARN_UNDECLARED_SELECTOR = YES;
				GCC_WARN_UNINITIALIZED_AUTOS = YES_AGGRESSIVE;
				GCC_WARN_UNUSED_FUNCTION = YES;
				GCC_WARN_UNUSED_VARIABLE = YES;
				MTL_ENABLE_DEBUG_INFO = NO;
				MTL_FAST_MATH = YES;
				SWIFT_COMPILATION_MODE = wholemodule;
				SWIFT_OPTIMIZATION_LEVEL = "-O";
			};
			name = Release;
		};
		FF402A4E2A6F81D5009111CF /* Debug */ = {
			isa = XCBuildConfiguration;
			baseConfigurationReference = 51F3C75848383906E8443CDA /* Pods-Infinate-Scroll-SwiftUI.debug.xcconfig */;
			buildSettings = {
				ASSETCATALOG_COMPILER_APPICON_NAME = AppIcon;
				ASSETCATALOG_COMPILER_GLOBAL_ACCENT_COLOR_NAME = AccentColor;
				CODE_SIGN_ENTITLEMENTS = "Infinate-Scroll-SwiftUI/Infinate_Scroll_SwiftUI.entitlements";
				CODE_SIGN_STYLE = Automatic;
				CURRENT_PROJECT_VERSION = 1;
				DEVELOPMENT_ASSET_PATHS = "\"Infinate-Scroll-SwiftUI/Preview Content\"";
				DEVELOPMENT_TEAM = 8GMKQQ8C7H;
				ENABLE_HARDENED_RUNTIME = YES;
				ENABLE_PREVIEWS = YES;
				GENERATE_INFOPLIST_FILE = YES;
				"INFOPLIST_KEY_UIApplicationSceneManifest_Generation[sdk=iphoneos*]" = YES;
				"INFOPLIST_KEY_UIApplicationSceneManifest_Generation[sdk=iphonesimulator*]" = YES;
				"INFOPLIST_KEY_UIApplicationSupportsIndirectInputEvents[sdk=iphoneos*]" = YES;
				"INFOPLIST_KEY_UIApplicationSupportsIndirectInputEvents[sdk=iphonesimulator*]" = YES;
				"INFOPLIST_KEY_UILaunchScreen_Generation[sdk=iphoneos*]" = YES;
				"INFOPLIST_KEY_UILaunchScreen_Generation[sdk=iphonesimulator*]" = YES;
				"INFOPLIST_KEY_UIStatusBarStyle[sdk=iphoneos*]" = UIStatusBarStyleDefault;
				"INFOPLIST_KEY_UIStatusBarStyle[sdk=iphonesimulator*]" = UIStatusBarStyleDefault;
				INFOPLIST_KEY_UISupportedInterfaceOrientations_iPad = "UIInterfaceOrientationPortrait UIInterfaceOrientationPortraitUpsideDown UIInterfaceOrientationLandscapeLeft UIInterfaceOrientationLandscapeRight";
				INFOPLIST_KEY_UISupportedInterfaceOrientations_iPhone = "UIInterfaceOrientationPortrait UIInterfaceOrientationLandscapeLeft UIInterfaceOrientationLandscapeRight";
				IPHONEOS_DEPLOYMENT_TARGET = 15.0;
				LD_RUNPATH_SEARCH_PATHS = "@executable_path/Frameworks";
				"LD_RUNPATH_SEARCH_PATHS[sdk=macosx*]" = "@executable_path/../Frameworks";
				MACOSX_DEPLOYMENT_TARGET = 13.0;
				MARKETING_VERSION = 1.0;
				PRODUCT_BUNDLE_IDENTIFIER = "com.fahim.Infinate-Scroll-SwiftUI";
				PRODUCT_NAME = "$(TARGET_NAME)";
				SDKROOT = auto;
				SUPPORTED_PLATFORMS = "iphoneos iphonesimulator macosx";
				SWIFT_EMIT_LOC_STRINGS = YES;
				SWIFT_VERSION = 5.0;
				TARGETED_DEVICE_FAMILY = "1,2";
			};
			name = Debug;
		};
		FF402A4F2A6F81D5009111CF /* Release */ = {
			isa = XCBuildConfiguration;
			baseConfigurationReference = D77E24F5A27C191FE5219F1A /* Pods-Infinate-Scroll-SwiftUI.release.xcconfig */;
			buildSettings = {
				ASSETCATALOG_COMPILER_APPICON_NAME = AppIcon;
				ASSETCATALOG_COMPILER_GLOBAL_ACCENT_COLOR_NAME = AccentColor;
				CODE_SIGN_ENTITLEMENTS = "Infinate-Scroll-SwiftUI/Infinate_Scroll_SwiftUI.entitlements";
				CODE_SIGN_STYLE = Automatic;
				CURRENT_PROJECT_VERSION = 1;
				DEVELOPMENT_ASSET_PATHS = "\"Infinate-Scroll-SwiftUI/Preview Content\"";
				DEVELOPMENT_TEAM = 8GMKQQ8C7H;
				ENABLE_HARDENED_RUNTIME = YES;
				ENABLE_PREVIEWS = YES;
				GENERATE_INFOPLIST_FILE = YES;
				"INFOPLIST_KEY_UIApplicationSceneManifest_Generation[sdk=iphoneos*]" = YES;
				"INFOPLIST_KEY_UIApplicationSceneManifest_Generation[sdk=iphonesimulator*]" = YES;
				"INFOPLIST_KEY_UIApplicationSupportsIndirectInputEvents[sdk=iphoneos*]" = YES;
				"INFOPLIST_KEY_UIApplicationSupportsIndirectInputEvents[sdk=iphonesimulator*]" = YES;
				"INFOPLIST_KEY_UILaunchScreen_Generation[sdk=iphoneos*]" = YES;
				"INFOPLIST_KEY_UILaunchScreen_Generation[sdk=iphonesimulator*]" = YES;
				"INFOPLIST_KEY_UIStatusBarStyle[sdk=iphoneos*]" = UIStatusBarStyleDefault;
				"INFOPLIST_KEY_UIStatusBarStyle[sdk=iphonesimulator*]" = UIStatusBarStyleDefault;
				INFOPLIST_KEY_UISupportedInterfaceOrientations_iPad = "UIInterfaceOrientationPortrait UIInterfaceOrientationPortraitUpsideDown UIInterfaceOrientationLandscapeLeft UIInterfaceOrientationLandscapeRight";
				INFOPLIST_KEY_UISupportedInterfaceOrientations_iPhone = "UIInterfaceOrientationPortrait UIInterfaceOrientationLandscapeLeft UIInterfaceOrientationLandscapeRight";
				IPHONEOS_DEPLOYMENT_TARGET = 15.0;
				LD_RUNPATH_SEARCH_PATHS = "@executable_path/Frameworks";
				"LD_RUNPATH_SEARCH_PATHS[sdk=macosx*]" = "@executable_path/../Frameworks";
				MACOSX_DEPLOYMENT_TARGET = 13.0;
				MARKETING_VERSION = 1.0;
				PRODUCT_BUNDLE_IDENTIFIER = "com.fahim.Infinate-Scroll-SwiftUI";
				PRODUCT_NAME = "$(TARGET_NAME)";
				SDKROOT = auto;
				SUPPORTED_PLATFORMS = "iphoneos iphonesimulator macosx";
				SWIFT_EMIT_LOC_STRINGS = YES;
				SWIFT_VERSION = 5.0;
				TARGETED_DEVICE_FAMILY = "1,2";
			};
			name = Release;
		};
/* End XCBuildConfiguration section */

/* Begin XCConfigurationList section */
		FF402A392A6F81D4009111CF /* Build configuration list for PBXProject "Infinate-Scroll-SwiftUI" */ = {
			isa = XCConfigurationList;
			buildConfigurations = (
				FF402A4B2A6F81D5009111CF /* Debug */,
				FF402A4C2A6F81D5009111CF /* Release */,
			);
			defaultConfigurationIsVisible = 0;
			defaultConfigurationName = Release;
		};
		FF402A4D2A6F81D5009111CF /* Build configuration list for PBXNativeTarget "Infinate-Scroll-SwiftUI" */ = {
			isa = XCConfigurationList;
			buildConfigurations = (
				FF402A4E2A6F81D5009111CF /* Debug */,
				FF402A4F2A6F81D5009111CF /* Release */,
			);
			defaultConfigurationIsVisible = 0;
			defaultConfigurationName = Release;
		};
/* End XCConfigurationList section */

/* Begin XCRemoteSwiftPackageReference section */
		FF402A502A6F82CC009111CF /* XCRemoteSwiftPackageReference "Alamofire" */ = {
			isa = XCRemoteSwiftPackageReference;
			repositoryURL = "https://github.com/Alamofire/Alamofire.git";
			requirement = {
				kind = upToNextMajorVersion;
				minimumVersion = 5.0.0;
			};
		};
/* End XCRemoteSwiftPackageReference section */

/* Begin XCSwiftPackageProductDependency section */
		FF402A512A6F82CC009111CF /* Alamofire */ = {
			isa = XCSwiftPackageProductDependency;
			package = FF402A502A6F82CC009111CF /* XCRemoteSwiftPackageReference "Alamofire" */;
			productName = Alamofire;
		};
/* End XCSwiftPackageProductDependency section */
	};
	rootObject = FF402A362A6F81D4009111CF /* Project object */;
}
