// !$*UTF8*$!
{
	archiveVersion = 1;
	classes = {
	};
	objectVersion = 56;
	objects = {

/* Begin PBXBuildFile section */
		B96D6F4BB6D04B090CC85692 /* Pods_InfiniteScrollSwiftUI.framework in Frameworks */ = {isa = PBXBuildFile; fileRef = B77258EA610AB141CF786CDB /* Pods_InfiniteScrollSwiftUI.framework */; };
		FF18CC7B2A712C0A006BA182 /* InfiniteScrollSwiftUIApp.swift in Sources */ = {isa = PBXBuildFile; fileRef = FF18CC7A2A712C0A006BA182 /* InfiniteScrollSwiftUIApp.swift */; };
		FF18CC7D2A712C0A006BA182 /* ContentView.swift in Sources */ = {isa = PBXBuildFile; fileRef = FF18CC7C2A712C0A006BA182 /* ContentView.swift */; };
		FF18CC7F2A712C0B006BA182 /* Assets.xcassets in Resources */ = {isa = PBXBuildFile; fileRef = FF18CC7E2A712C0B006BA182 /* Assets.xcassets */; };
		FF18CC832A712C0B006BA182 /* Preview Assets.xcassets in Resources */ = {isa = PBXBuildFile; fileRef = FF18CC822A712C0B006BA182 /* Preview Assets.xcassets */; };
		FF18CC8A2A712C41006BA182 /* NetworkManager.swift in Sources */ = {isa = PBXBuildFile; fileRef = FF18CC892A712C41006BA182 /* NetworkManager.swift */; };
		FF18CC8D2A712C5A006BA182 /* Alamofire in Frameworks */ = {isa = PBXBuildFile; productRef = FF18CC8C2A712C5A006BA182 /* Alamofire */; };
		FF18CC902A712C68006BA182 /* Kingfisher in Frameworks */ = {isa = PBXBuildFile; productRef = FF18CC8F2A712C68006BA182 /* Kingfisher */; };
		FF18CC932A712C74006BA182 /* SimpleAFLoader in Frameworks */ = {isa = PBXBuildFile; productRef = FF18CC922A712C74006BA182 /* SimpleAFLoader */; };
/* End PBXBuildFile section */

/* Begin PBXFileReference section */
		AFF8B83B1C0574CEDC6821DA /* Pods-InfiniteScrollSwiftUI.debug.xcconfig */ = {isa = PBXFileReference; includeInIndex = 1; lastKnownFileType = text.xcconfig; name = "Pods-InfiniteScrollSwiftUI.debug.xcconfig"; path = "Target Support Files/Pods-InfiniteScrollSwiftUI/Pods-InfiniteScrollSwiftUI.debug.xcconfig"; sourceTree = "<group>"; };
		B77258EA610AB141CF786CDB /* Pods_InfiniteScrollSwiftUI.framework */ = {isa = PBXFileReference; explicitFileType = wrapper.framework; includeInIndex = 0; path = Pods_InfiniteScrollSwiftUI.framework; sourceTree = BUILT_PRODUCTS_DIR; };
		DC080FFE4003BF7DCE55C63A /* Pods-InfiniteScrollSwiftUI.release.xcconfig */ = {isa = PBXFileReference; includeInIndex = 1; lastKnownFileType = text.xcconfig; name = "Pods-InfiniteScrollSwiftUI.release.xcconfig"; path = "Target Support Files/Pods-InfiniteScrollSwiftUI/Pods-InfiniteScrollSwiftUI.release.xcconfig"; sourceTree = "<group>"; };
		FF18CC772A712C0A006BA182 /* InfiniteScrollSwiftUI.app */ = {isa = PBXFileReference; explicitFileType = wrapper.application; includeInIndex = 0; path = InfiniteScrollSwiftUI.app; sourceTree = BUILT_PRODUCTS_DIR; };
		FF18CC7A2A712C0A006BA182 /* InfiniteScrollSwiftUIApp.swift */ = {isa = PBXFileReference; lastKnownFileType = sourcecode.swift; path = InfiniteScrollSwiftUIApp.swift; sourceTree = "<group>"; };
		FF18CC7C2A712C0A006BA182 /* ContentView.swift */ = {isa = PBXFileReference; lastKnownFileType = sourcecode.swift; path = ContentView.swift; sourceTree = "<group>"; };
		FF18CC7E2A712C0B006BA182 /* Assets.xcassets */ = {isa = PBXFileReference; lastKnownFileType = folder.assetcatalog; path = Assets.xcassets; sourceTree = "<group>"; };
		FF18CC802A712C0B006BA182 /* InfiniteScrollSwiftUI.entitlements */ = {isa = PBXFileReference; lastKnownFileType = text.plist.entitlements; path = InfiniteScrollSwiftUI.entitlements; sourceTree = "<group>"; };
		FF18CC822A712C0B006BA182 /* Preview Assets.xcassets */ = {isa = PBXFileReference; lastKnownFileType = folder.assetcatalog; path = "Preview Assets.xcassets"; sourceTree = "<group>"; };
		FF18CC892A712C41006BA182 /* NetworkManager.swift */ = {isa = PBXFileReference; lastKnownFileType = sourcecode.swift; path = NetworkManager.swift; sourceTree = "<group>"; };
/* End PBXFileReference section */

/* Begin PBXFrameworksBuildPhase section */
		FF18CC742A712C0A006BA182 /* Frameworks */ = {
			isa = PBXFrameworksBuildPhase;
			buildActionMask = 2147483647;
			files = (
				FF18CC902A712C68006BA182 /* Kingfisher in Frameworks */,
				FF18CC932A712C74006BA182 /* SimpleAFLoader in Frameworks */,
				FF18CC8D2A712C5A006BA182 /* Alamofire in Frameworks */,
				B96D6F4BB6D04B090CC85692 /* Pods_InfiniteScrollSwiftUI.framework in Frameworks */,
			);
			runOnlyForDeploymentPostprocessing = 0;
		};
/* End PBXFrameworksBuildPhase section */

/* Begin PBXGroup section */
		22D890AD34AE04CF01FB478D /* Pods */ = {
			isa = PBXGroup;
			children = (
				AFF8B83B1C0574CEDC6821DA /* Pods-InfiniteScrollSwiftUI.debug.xcconfig */,
				DC080FFE4003BF7DCE55C63A /* Pods-InfiniteScrollSwiftUI.release.xcconfig */,
			);
			name = Pods;
			path = Pods;
			sourceTree = "<group>";
		};
		D89181BB63EAAE88E2ED4B44 /* Frameworks */ = {
			isa = PBXGroup;
			children = (
				B77258EA610AB141CF786CDB /* Pods_InfiniteScrollSwiftUI.framework */,
			);
			name = Frameworks;
			sourceTree = "<group>";
		};
		FF18CC6E2A712C0A006BA182 = {
			isa = PBXGroup;
			children = (
				FF18CC792A712C0A006BA182 /* InfiniteScrollSwiftUI */,
				FF18CC782A712C0A006BA182 /* Products */,
				22D890AD34AE04CF01FB478D /* Pods */,
				D89181BB63EAAE88E2ED4B44 /* Frameworks */,
			);
			sourceTree = "<group>";
		};
		FF18CC782A712C0A006BA182 /* Products */ = {
			isa = PBXGroup;
			children = (
				FF18CC772A712C0A006BA182 /* InfiniteScrollSwiftUI.app */,
			);
			name = Products;
			sourceTree = "<group>";
		};
		FF18CC792A712C0A006BA182 /* InfiniteScrollSwiftUI */ = {
			isa = PBXGroup;
			children = (
				FF18CC7A2A712C0A006BA182 /* InfiniteScrollSwiftUIApp.swift */,
				FF18CC892A712C41006BA182 /* NetworkManager.swift */,
				FF18CC7C2A712C0A006BA182 /* ContentView.swift */,
				FF18CC7E2A712C0B006BA182 /* Assets.xcassets */,
				FF18CC802A712C0B006BA182 /* InfiniteScrollSwiftUI.entitlements */,
				FF18CC812A712C0B006BA182 /* Preview Content */,
			);
			path = InfiniteScrollSwiftUI;
			sourceTree = "<group>";
		};
		FF18CC812A712C0B006BA182 /* Preview Content */ = {
			isa = PBXGroup;
			children = (
				FF18CC822A712C0B006BA182 /* Preview Assets.xcassets */,
			);
			path = "Preview Content";
			sourceTree = "<group>";
		};
/* End PBXGroup section */

/* Begin PBXNativeTarget section */
		FF18CC762A712C0A006BA182 /* InfiniteScrollSwiftUI */ = {
			isa = PBXNativeTarget;
			buildConfigurationList = FF18CC862A712C0B006BA182 /* Build configuration list for PBXNativeTarget "InfiniteScrollSwiftUI" */;
			buildPhases = (
				1D8CC111047B0F48E2D90E50 /* [CP] Check Pods Manifest.lock */,
				FF18CC732A712C0A006BA182 /* Sources */,
				FF18CC742A712C0A006BA182 /* Frameworks */,
				FF18CC752A712C0A006BA182 /* Resources */,
				7BDFEB0069C8A90465AAEA09 /* [CP] Embed Pods Frameworks */,
			);
			buildRules = (
			);
			dependencies = (
			);
			name = InfiniteScrollSwiftUI;
			packageProductDependencies = (
				FF18CC8C2A712C5A006BA182 /* Alamofire */,
				FF18CC8F2A712C68006BA182 /* Kingfisher */,
				FF18CC922A712C74006BA182 /* SimpleAFLoader */,
			);
			productName = InfiniteScrollSwiftUI;
			productReference = FF18CC772A712C0A006BA182 /* InfiniteScrollSwiftUI.app */;
			productType = "com.apple.product-type.application";
		};
/* End PBXNativeTarget section */

/* Begin PBXProject section */
		FF18CC6F2A712C0A006BA182 /* Project object */ = {
			isa = PBXProject;
			attributes = {
				BuildIndependentTargetsInParallel = 1;
				LastSwiftUpdateCheck = 1430;
				LastUpgradeCheck = 1430;
				TargetAttributes = {
					FF18CC762A712C0A006BA182 = {
						CreatedOnToolsVersion = 14.3.1;
					};
				};
			};
			buildConfigurationList = FF18CC722A712C0A006BA182 /* Build configuration list for PBXProject "InfiniteScrollSwiftUI" */;
			compatibilityVersion = "Xcode 14.0";
			developmentRegion = en;
			hasScannedForEncodings = 0;
			knownRegions = (
				en,
				Base,
			);
			mainGroup = FF18CC6E2A712C0A006BA182;
			packageReferences = (
				FF18CC8B2A712C5A006BA182 /* XCRemoteSwiftPackageReference "Alamofire.git" */,
				FF18CC8E2A712C68006BA182 /* XCRemoteSwiftPackageReference "Kingfisher.git" */,
				FF18CC912A712C74006BA182 /* XCRemoteSwiftPackageReference "SimpleAFLoader.git" */,
			);
			productRefGroup = FF18CC782A712C0A006BA182 /* Products */;
			projectDirPath = "";
			projectRoot = "";
			targets = (
				FF18CC762A712C0A006BA182 /* InfiniteScrollSwiftUI */,
			);
		};
/* End PBXProject section */

/* Begin PBXResourcesBuildPhase section */
		FF18CC752A712C0A006BA182 /* Resources */ = {
			isa = PBXResourcesBuildPhase;
			buildActionMask = 2147483647;
			files = (
				FF18CC832A712C0B006BA182 /* Preview Assets.xcassets in Resources */,
				FF18CC7F2A712C0B006BA182 /* Assets.xcassets in Resources */,
			);
			runOnlyForDeploymentPostprocessing = 0;
		};
/* End PBXResourcesBuildPhase section */

/* Begin PBXShellScriptBuildPhase section */
		1D8CC111047B0F48E2D90E50 /* [CP] Check Pods Manifest.lock */ = {
			isa = PBXShellScriptBuildPhase;
			buildActionMask = 2147483647;
			files = (
			);
			inputFileListPaths = (
			);
			inputPaths = (
				"${PODS_PODFILE_DIR_PATH}/Podfile.lock",
				"${PODS_ROOT}/Manifest.lock",
			);
			name = "[CP] Check Pods Manifest.lock";
			outputFileListPaths = (
			);
			outputPaths = (
				"$(DERIVED_FILE_DIR)/Pods-InfiniteScrollSwiftUI-checkManifestLockResult.txt",
			);
			runOnlyForDeploymentPostprocessing = 0;
			shellPath = /bin/sh;
			shellScript = "diff \"${PODS_PODFILE_DIR_PATH}/Podfile.lock\" \"${PODS_ROOT}/Manifest.lock\" > /dev/null\nif [ $? != 0 ] ; then\n    # print error to STDERR\n    echo \"error: The sandbox is not in sync with the Podfile.lock. Run 'pod install' or update your CocoaPods installation.\" >&2\n    exit 1\nfi\n# This output is used by Xcode 'outputs' to avoid re-running this script phase.\necho \"SUCCESS\" > \"${SCRIPT_OUTPUT_FILE_0}\"\n";
			showEnvVarsInLog = 0;
		};
		7BDFEB0069C8A90465AAEA09 /* [CP] Embed Pods Frameworks */ = {
			isa = PBXShellScriptBuildPhase;
			buildActionMask = 2147483647;
			files = (
			);
			inputFileListPaths = (
				"${PODS_ROOT}/Target Support Files/Pods-InfiniteScrollSwiftUI/Pods-InfiniteScrollSwiftUI-frameworks-${CONFIGURATION}-input-files.xcfilelist",
			);
			name = "[CP] Embed Pods Frameworks";
			outputFileListPaths = (
				"${PODS_ROOT}/Target Support Files/Pods-InfiniteScrollSwiftUI/Pods-InfiniteScrollSwiftUI-frameworks-${CONFIGURATION}-output-files.xcfilelist",
			);
			runOnlyForDeploymentPostprocessing = 0;
			shellPath = /bin/sh;
			shellScript = "\"${PODS_ROOT}/Target Support Files/Pods-InfiniteScrollSwiftUI/Pods-InfiniteScrollSwiftUI-frameworks.sh\"\n";
			showEnvVarsInLog = 0;
		};
/* End PBXShellScriptBuildPhase section */

/* Begin PBXSourcesBuildPhase section */
		FF18CC732A712C0A006BA182 /* Sources */ = {
			isa = PBXSourcesBuildPhase;
			buildActionMask = 2147483647;
			files = (
				FF18CC8A2A712C41006BA182 /* NetworkManager.swift in Sources */,
				FF18CC7D2A712C0A006BA182 /* ContentView.swift in Sources */,
				FF18CC7B2A712C0A006BA182 /* InfiniteScrollSwiftUIApp.swift in Sources */,
			);
			runOnlyForDeploymentPostprocessing = 0;
		};
/* End PBXSourcesBuildPhase section */

/* Begin XCBuildConfiguration section */
		FF18CC842A712C0B006BA182 /* Debug */ = {
			isa = XCBuildConfiguration;
			buildSettings = {
				ALWAYS_SEARCH_USER_PATHS = NO;
				CLANG_ANALYZER_NONNULL = YES;
				CLANG_ANALYZER_NUMBER_OBJECT_CONVERSION = YES_AGGRESSIVE;
				CLANG_CXX_LANGUAGE_STANDARD = "gnu++20";
				CLANG_ENABLE_MODULES = YES;
				CLANG_ENABLE_OBJC_ARC = YES;
				CLANG_ENABLE_OBJC_WEAK = YES;
				CLANG_WARN_BLOCK_CAPTURE_AUTORELEASING = YES;
				CLANG_WARN_BOOL_CONVERSION = YES;
				CLANG_WARN_COMMA = YES;
				CLANG_WARN_CONSTANT_CONVERSION = YES;
				CLANG_WARN_DEPRECATED_OBJC_IMPLEMENTATIONS = YES;
				CLANG_WARN_DIRECT_OBJC_ISA_USAGE = YES_ERROR;
				CLANG_WARN_DOCUMENTATION_COMMENTS = YES;
				CLANG_WARN_EMPTY_BODY = YES;
				CLANG_WARN_ENUM_CONVERSION = YES;
				CLANG_WARN_INFINITE_RECURSION = YES;
				CLANG_WARN_INT_CONVERSION = YES;
				CLANG_WARN_NON_LITERAL_NULL_CONVERSION = YES;
				CLANG_WARN_OBJC_IMPLICIT_RETAIN_SELF = YES;
				CLANG_WARN_OBJC_LITERAL_CONVERSION = YES;
				CLANG_WARN_OBJC_ROOT_CLASS = YES_ERROR;
				CLANG_WARN_QUOTED_INCLUDE_IN_FRAMEWORK_HEADER = YES;
				CLANG_WARN_RANGE_LOOP_ANALYSIS = YES;
				CLANG_WARN_STRICT_PROTOTYPES = YES;
				CLANG_WARN_SUSPICIOUS_MOVE = YES;
				CLANG_WARN_UNGUARDED_AVAILABILITY = YES_AGGRESSIVE;
				CLANG_WARN_UNREACHABLE_CODE = YES;
				CLANG_WARN__DUPLICATE_METHOD_MATCH = YES;
				COPY_PHASE_STRIP = NO;
				DEBUG_INFORMATION_FORMAT = dwarf;
				ENABLE_STRICT_OBJC_MSGSEND = YES;
				ENABLE_TESTABILITY = YES;
				GCC_C_LANGUAGE_STANDARD = gnu11;
				GCC_DYNAMIC_NO_PIC = NO;
				GCC_NO_COMMON_BLOCKS = YES;
				GCC_OPTIMIZATION_LEVEL = 0;
				GCC_PREPROCESSOR_DEFINITIONS = (
					"DEBUG=1",
					"$(inherited)",
				);
				GCC_WARN_64_TO_32_BIT_CONVERSION = YES;
				GCC_WARN_ABOUT_RETURN_TYPE = YES_ERROR;
				GCC_WARN_UNDECLARED_SELECTOR = YES;
				GCC_WARN_UNINITIALIZED_AUTOS = YES_AGGRESSIVE;
				GCC_WARN_UNUSED_FUNCTION = YES;
				GCC_WARN_UNUSED_VARIABLE = YES;
				MTL_ENABLE_DEBUG_INFO = INCLUDE_SOURCE;
				MTL_FAST_MATH = YES;
				ONLY_ACTIVE_ARCH = YES;
				SWIFT_ACTIVE_COMPILATION_CONDITIONS = DEBUG;
				SWIFT_OPTIMIZATION_LEVEL = "-Onone";
			};
			name = Debug;
		};
		FF18CC852A712C0B006BA182 /* Release */ = {
			isa = XCBuildConfiguration;
			buildSettings = {
				ALWAYS_SEARCH_USER_PATHS = NO;
				CLANG_ANALYZER_NONNULL = YES;
				CLANG_ANALYZER_NUMBER_OBJECT_CONVERSION = YES_AGGRESSIVE;
				CLANG_CXX_LANGUAGE_STANDARD = "gnu++20";
				CLANG_ENABLE_MODULES = YES;
				CLANG_ENABLE_OBJC_ARC = YES;
				CLANG_ENABLE_OBJC_WEAK = YES;
				CLANG_WARN_BLOCK_CAPTURE_AUTORELEASING = YES;
				CLANG_WARN_BOOL_CONVERSION = YES;
				CLANG_WARN_COMMA = YES;
				CLANG_WARN_CONSTANT_CONVERSION = YES;
				CLANG_WARN_DEPRECATED_OBJC_IMPLEMENTATIONS = YES;
				CLANG_WARN_DIRECT_OBJC_ISA_USAGE = YES_ERROR;
				CLANG_WARN_DOCUMENTATION_COMMENTS = YES;
				CLANG_WARN_EMPTY_BODY = YES;
				CLANG_WARN_ENUM_CONVERSION = YES;
				CLANG_WARN_INFINITE_RECURSION = YES;
				CLANG_WARN_INT_CONVERSION = YES;
				CLANG_WARN_NON_LITERAL_NULL_CONVERSION = YES;
				CLANG_WARN_OBJC_IMPLICIT_RETAIN_SELF = YES;
				CLANG_WARN_OBJC_LITERAL_CONVERSION = YES;
				CLANG_WARN_OBJC_ROOT_CLASS = YES_ERROR;
				CLANG_WARN_QUOTED_INCLUDE_IN_FRAMEWORK_HEADER = YES;
				CLANG_WARN_RANGE_LOOP_ANALYSIS = YES;
				CLANG_WARN_STRICT_PROTOTYPES = YES;
				CLANG_WARN_SUSPICIOUS_MOVE = YES;
				CLANG_WARN_UNGUARDED_AVAILABILITY = YES_AGGRESSIVE;
				CLANG_WARN_UNREACHABLE_CODE = YES;
				CLANG_WARN__DUPLICATE_METHOD_MATCH = YES;
				COPY_PHASE_STRIP = NO;
				DEBUG_INFORMATION_FORMAT = "dwarf-with-dsym";
				ENABLE_NS_ASSERTIONS = NO;
				ENABLE_STRICT_OBJC_MSGSEND = YES;
				GCC_C_LANGUAGE_STANDARD = gnu11;
				GCC_NO_COMMON_BLOCKS = YES;
				GCC_WARN_64_TO_32_BIT_CONVERSION = YES;
				GCC_WARN_ABOUT_RETURN_TYPE = YES_ERROR;
				GCC_WARN_UNDECLARED_SELECTOR = YES;
				GCC_WARN_UNINITIALIZED_AUTOS = YES_AGGRESSIVE;
				GCC_WARN_UNUSED_FUNCTION = YES;
				GCC_WARN_UNUSED_VARIABLE = YES;
				MTL_ENABLE_DEBUG_INFO = NO;
				MTL_FAST_MATH = YES;
				SWIFT_COMPILATION_MODE = wholemodule;
				SWIFT_OPTIMIZATION_LEVEL = "-O";
			};
			name = Release;
		};
		FF18CC872A712C0B006BA182 /* Debug */ = {
			isa = XCBuildConfiguration;
			baseConfigurationReference = AFF8B83B1C0574CEDC6821DA /* Pods-InfiniteScrollSwiftUI.debug.xcconfig */;
			buildSettings = {
				ASSETCATALOG_COMPILER_APPICON_NAME = AppIcon;
				ASSETCATALOG_COMPILER_GLOBAL_ACCENT_COLOR_NAME = AccentColor;
				CODE_SIGN_ENTITLEMENTS = InfiniteScrollSwiftUI/InfiniteScrollSwiftUI.entitlements;
				CODE_SIGN_STYLE = Automatic;
				CURRENT_PROJECT_VERSION = 1;
				DEVELOPMENT_ASSET_PATHS = "\"InfiniteScrollSwiftUI/Preview Content\"";
				DEVELOPMENT_TEAM = 8GMKQQ8C7H;
				ENABLE_HARDENED_RUNTIME = YES;
				ENABLE_PREVIEWS = YES;
				GENERATE_INFOPLIST_FILE = YES;
				"INFOPLIST_KEY_UIApplicationSceneManifest_Generation[sdk=iphoneos*]" = YES;
				"INFOPLIST_KEY_UIApplicationSceneManifest_Generation[sdk=iphonesimulator*]" = YES;
				"INFOPLIST_KEY_UIApplicationSupportsIndirectInputEvents[sdk=iphoneos*]" = YES;
				"INFOPLIST_KEY_UIApplicationSupportsIndirectInputEvents[sdk=iphonesimulator*]" = YES;
				"INFOPLIST_KEY_UILaunchScreen_Generation[sdk=iphoneos*]" = YES;
				"INFOPLIST_KEY_UILaunchScreen_Generation[sdk=iphonesimulator*]" = YES;
				"INFOPLIST_KEY_UIStatusBarStyle[sdk=iphoneos*]" = UIStatusBarStyleDefault;
				"INFOPLIST_KEY_UIStatusBarStyle[sdk=iphonesimulator*]" = UIStatusBarStyleDefault;
				INFOPLIST_KEY_UISupportedInterfaceOrientations_iPad = "UIInterfaceOrientationPortrait UIInterfaceOrientationPortraitUpsideDown UIInterfaceOrientationLandscapeLeft UIInterfaceOrientationLandscapeRight";
				INFOPLIST_KEY_UISupportedInterfaceOrientations_iPhone = "UIInterfaceOrientationPortrait UIInterfaceOrientationLandscapeLeft UIInterfaceOrientationLandscapeRight";
				IPHONEOS_DEPLOYMENT_TARGET = 16.4;
				LD_RUNPATH_SEARCH_PATHS = "@executable_path/Frameworks";
				"LD_RUNPATH_SEARCH_PATHS[sdk=macosx*]" = "@executable_path/../Frameworks";
				MACOSX_DEPLOYMENT_TARGET = 13.3;
				MARKETING_VERSION = 1.0;
				PRODUCT_BUNDLE_IDENTIFIER = com.fahim.InfiniteScrollSwiftUI;
				PRODUCT_NAME = "$(TARGET_NAME)";
				SDKROOT = auto;
				SUPPORTED_PLATFORMS = "iphoneos iphonesimulator macosx";
				SWIFT_EMIT_LOC_STRINGS = YES;
				SWIFT_VERSION = 5.0;
				TARGETED_DEVICE_FAMILY = "1,2";
			};
			name = Debug;
		};
		FF18CC882A712C0B006BA182 /* Release */ = {
			isa = XCBuildConfiguration;
			baseConfigurationReference = DC080FFE4003BF7DCE55C63A /* Pods-InfiniteScrollSwiftUI.release.xcconfig */;
			buildSettings = {
				ASSETCATALOG_COMPILER_APPICON_NAME = AppIcon;
				ASSETCATALOG_COMPILER_GLOBAL_ACCENT_COLOR_NAME = AccentColor;
				CODE_SIGN_ENTITLEMENTS = InfiniteScrollSwiftUI/InfiniteScrollSwiftUI.entitlements;
				CODE_SIGN_STYLE = Automatic;
				CURRENT_PROJECT_VERSION = 1;
				DEVELOPMENT_ASSET_PATHS = "\"InfiniteScrollSwiftUI/Preview Content\"";
				DEVELOPMENT_TEAM = 8GMKQQ8C7H;
				ENABLE_HARDENED_RUNTIME = YES;
				ENABLE_PREVIEWS = YES;
				GENERATE_INFOPLIST_FILE = YES;
				"INFOPLIST_KEY_UIApplicationSceneManifest_Generation[sdk=iphoneos*]" = YES;
				"INFOPLIST_KEY_UIApplicationSceneManifest_Generation[sdk=iphonesimulator*]" = YES;
				"INFOPLIST_KEY_UIApplicationSupportsIndirectInputEvents[sdk=iphoneos*]" = YES;
				"INFOPLIST_KEY_UIApplicationSupportsIndirectInputEvents[sdk=iphonesimulator*]" = YES;
				"INFOPLIST_KEY_UILaunchScreen_Generation[sdk=iphoneos*]" = YES;
				"INFOPLIST_KEY_UILaunchScreen_Generation[sdk=iphonesimulator*]" = YES;
				"INFOPLIST_KEY_UIStatusBarStyle[sdk=iphoneos*]" = UIStatusBarStyleDefault;
				"INFOPLIST_KEY_UIStatusBarStyle[sdk=iphonesimulator*]" = UIStatusBarStyleDefault;
				INFOPLIST_KEY_UISupportedInterfaceOrientations_iPad = "UIInterfaceOrientationPortrait UIInterfaceOrientationPortraitUpsideDown UIInterfaceOrientationLandscapeLeft UIInterfaceOrientationLandscapeRight";
				INFOPLIST_KEY_UISupportedInterfaceOrientations_iPhone = "UIInterfaceOrientationPortrait UIInterfaceOrientationLandscapeLeft UIInterfaceOrientationLandscapeRight";
				IPHONEOS_DEPLOYMENT_TARGET = 16.4;
				LD_RUNPATH_SEARCH_PATHS = "@executable_path/Frameworks";
				"LD_RUNPATH_SEARCH_PATHS[sdk=macosx*]" = "@executable_path/../Frameworks";
				MACOSX_DEPLOYMENT_TARGET = 13.3;
				MARKETING_VERSION = 1.0;
				PRODUCT_BUNDLE_IDENTIFIER = com.fahim.InfiniteScrollSwiftUI;
				PRODUCT_NAME = "$(TARGET_NAME)";
				SDKROOT = auto;
				SUPPORTED_PLATFORMS = "iphoneos iphonesimulator macosx";
				SWIFT_EMIT_LOC_STRINGS = YES;
				SWIFT_VERSION = 5.0;
				TARGETED_DEVICE_FAMILY = "1,2";
			};
			name = Release;
		};
/* End XCBuildConfiguration section */

/* Begin XCConfigurationList section */
		FF18CC722A712C0A006BA182 /* Build configuration list for PBXProject "InfiniteScrollSwiftUI" */ = {
			isa = XCConfigurationList;
			buildConfigurations = (
				FF18CC842A712C0B006BA182 /* Debug */,
				FF18CC852A712C0B006BA182 /* Release */,
			);
			defaultConfigurationIsVisible = 0;
			defaultConfigurationName = Release;
		};
		FF18CC862A712C0B006BA182 /* Build configuration list for PBXNativeTarget "InfiniteScrollSwiftUI" */ = {
			isa = XCConfigurationList;
			buildConfigurations = (
				FF18CC872A712C0B006BA182 /* Debug */,
				FF18CC882A712C0B006BA182 /* Release */,
			);
			defaultConfigurationIsVisible = 0;
			defaultConfigurationName = Release;
		};
/* End XCConfigurationList section */

/* Begin XCRemoteSwiftPackageReference section */
		FF18CC8B2A712C5A006BA182 /* XCRemoteSwiftPackageReference "Alamofire.git" */ = {
			isa = XCRemoteSwiftPackageReference;
			repositoryURL = "https://github.com/Alamofire/Alamofire.git";
			requirement = {
				kind = upToNextMajorVersion;
				minimumVersion = 5.0.0;
			};
		};
		FF18CC8E2A712C68006BA182 /* XCRemoteSwiftPackageReference "Kingfisher.git" */ = {
			isa = XCRemoteSwiftPackageReference;
			repositoryURL = "https://github.com/onevcat/Kingfisher.git";
			requirement = {
				kind = upToNextMajorVersion;
				minimumVersion = 7.0.0;
			};
		};
		FF18CC912A712C74006BA182 /* XCRemoteSwiftPackageReference "SimpleAFLoader.git" */ = {
			isa = XCRemoteSwiftPackageReference;
			repositoryURL = "https://github.com/fahimrahmanbooom/SimpleAFLoader.git";
			requirement = {
				branch = main;
				kind = branch;
			};
		};
/* End XCRemoteSwiftPackageReference section */

/* Begin XCSwiftPackageProductDependency section */
		FF18CC8C2A712C5A006BA182 /* Alamofire */ = {
			isa = XCSwiftPackageProductDependency;
			package = FF18CC8B2A712C5A006BA182 /* XCRemoteSwiftPackageReference "Alamofire.git" */;
			productName = Alamofire;
		};
		FF18CC8F2A712C68006BA182 /* Kingfisher */ = {
			isa = XCSwiftPackageProductDependency;
			package = FF18CC8E2A712C68006BA182 /* XCRemoteSwiftPackageReference "Kingfisher.git" */;
			productName = Kingfisher;
		};
		FF18CC922A712C74006BA182 /* SimpleAFLoader */ = {
			isa = XCSwiftPackageProductDependency;
			package = FF18CC912A712C74006BA182 /* XCRemoteSwiftPackageReference "SimpleAFLoader.git" */;
			productName = SimpleAFLoader;
		};
/* End XCSwiftPackageProductDependency section */
	};
	rootObject = FF18CC6F2A712C0A006BA182 /* Project object */;
}
